
Microsoft Visual Studio Solution File, Format Version 12.00
# Visual Studio Version 16
VisualStudioVersion = 16.0.31321.278
MinimumVisualStudioVersion = 10.0.40219.1
Project("{9A19103F-16F7-4668-BE54-9A1E7A4F7556}") = "BxlForm.DemoSecurity", "BxlForm.DemoSecurity\BxlForm.DemoSecurity.csproj", "{8E0240BE-B23B-4C6A-994D-26153BA28F1B}"
EndProject
Project("{00D1A9C2-B5F0-4AF3-8072-F6C62B433612}") = "BxlForm.DemoSecurity.Database", "BxlForm.DemoSecurity.Database\BxlForm.DemoSecurity.Database.sqlproj", "{F0FB9757-A266-4830-9BE5-486701DB2DDA}"
EndProject
Project("{2150E333-8FDC-42A3-9474-1A3956D46DE8}") = "01 Database", "01 Database", "{0C2B10C8-3B4C-4958-8C62-9BD981566AA9}"
EndProject
Project("{2150E333-8FDC-42A3-9474-1A3956D46DE8}") = "02 Models", "02 Models", "{BA093B65-E554-40EC-89A9-C5F11DC27A01}"
EndProject
Project("{2150E333-8FDC-42A3-9474-1A3956D46DE8}") = "03 MVC", "03 MVC", "{F105DBB8-A816-4B07-B67A-45FE4466ACC8}"
EndProject
Project("{2150E333-8FDC-42A3-9474-1A3956D46DE8}") = "Global", "Global", "{B721B3BA-ABBB-4527-90DC-F6EFB253D403}"
EndProject
Project("{2150E333-8FDC-42A3-9474-1A3956D46DE8}") = "Cllient", "Cllient", "{F531A917-9C03-4B9A-BBBD-D07BD008FBD1}"
EndProject
Project("{9A19103F-16F7-4668-BE54-9A1E7A4F7556}") = "BxlForm.DemoSecurity.Models.Global", "BxlForm.DemoSecurity.Models.Global\BxlForm.DemoSecurity.Models.Global.csproj", "{C185C18D-0FA9-4121-839E-B623FBBAEEBB}"
EndProject
Project("{9A19103F-16F7-4668-BE54-9A1E7A4F7556}") = "BxlForm.DemoSecurity.Models.Client", "BxlForm.DemoSecurity.Models.Client\BxlForm.DemoSecurity.Models.Client.csproj", "{0321E2CA-3B36-43E5-A8B6-60D99FCB2C85}"
EndProject
Global
	GlobalSection(SolutionConfigurationPlatforms) = preSolution
		Debug|Any CPU = Debug|Any CPU
		Release|Any CPU = Release|Any CPU
	EndGlobalSection
	GlobalSection(ProjectConfigurationPlatforms) = postSolution
		{8E0240BE-B23B-4C6A-994D-26153BA28F1B}.Debug|Any CPU.ActiveCfg = Debug|Any CPU
		{8E0240BE-B23B-4C6A-994D-26153BA28F1B}.Debug|Any CPU.Build.0 = Debug|Any CPU
		{8E0240BE-B23B-4C6A-994D-26153BA28F1B}.Release|Any CPU.ActiveCfg = Release|Any CPU
		{8E0240BE-B23B-4C6A-994D-26153BA28F1B}.Release|Any CPU.Build.0 = Release|Any CPU
		{F0FB9757-A266-4830-9BE5-486701DB2DDA}.Debug|Any CPU.ActiveCfg = Debug|Any CPU
		{F0FB9757-A266-4830-9BE5-486701DB2DDA}.Debug|Any CPU.Build.0 = Debug|Any CPU
		{F0FB9757-A266-4830-9BE5-486701DB2DDA}.Debug|Any CPU.Deploy.0 = Debug|Any CPU
		{F0FB9757-A266-4830-9BE5-486701DB2DDA}.Release|Any CPU.ActiveCfg = Release|Any CPU
		{F0FB9757-A266-4830-9BE5-486701DB2DDA}.Release|Any CPU.Build.0 = Release|Any CPU
		{F0FB9757-A266-4830-9BE5-486701DB2DDA}.Release|Any CPU.Deploy.0 = Release|Any CPU
		{C185C18D-0FA9-4121-839E-B623FBBAEEBB}.Debug|Any CPU.ActiveCfg = Debug|Any CPU
		{C185C18D-0FA9-4121-839E-B623FBBAEEBB}.Debug|Any CPU.Build.0 = Debug|Any CPU
		{C185C18D-0FA9-4121-839E-B623FBBAEEBB}.Release|Any CPU.ActiveCfg = Release|Any CPU
		{C185C18D-0FA9-4121-839E-B623FBBAEEBB}.Release|Any CPU.Build.0 = Release|Any CPU
		{0321E2CA-3B36-43E5-A8B6-60D99FCB2C85}.Debug|Any CPU.ActiveCfg = Debug|Any CPU
		{0321E2CA-3B36-43E5-A8B6-60D99FCB2C85}.Debug|Any CPU.Build.0 = Debug|Any CPU
		{0321E2CA-3B36-43E5-A8B6-60D99FCB2C85}.Release|Any CPU.ActiveCfg = Release|Any CPU
		{0321E2CA-3B36-43E5-A8B6-60D99FCB2C85}.Release|Any CPU.Build.0 = Release|Any CPU
	EndGlobalSection
	GlobalSection(SolutionProperties) = preSolution
		HideSolutionNode = FALSE
	EndGlobalSection
	GlobalSection(NestedProjects) = preSolution
		{8E0240BE-B23B-4C6A-994D-26153BA28F1B} = {F105DBB8-A816-4B07-B67A-45FE4466ACC8}
		{F0FB9757-A266-4830-9BE5-486701DB2DDA} = {0C2B10C8-3B4C-4958-8C62-9BD981566AA9}
		{B721B3BA-ABBB-4527-90DC-F6EFB253D403} = {BA093B65-E554-40EC-89A9-C5F11DC27A01}
		{F531A917-9C03-4B9A-BBBD-D07BD008FBD1} = {BA093B65-E554-40EC-89A9-C5F11DC27A01}
		{C185C18D-0FA9-4121-839E-B623FBBAEEBB} = {B721B3BA-ABBB-4527-90DC-F6EFB253D403}
		{0321E2CA-3B36-43E5-A8B6-60D99FCB2C85} = {F531A917-9C03-4B9A-BBBD-D07BD008FBD1}
	EndGlobalSection
	GlobalSection(ExtensibilityGlobals) = postSolution
		SolutionGuid = {93DE2825-13A4-42CD-BAB5-479F6F70D80B}
	EndGlobalSection
EndGlobal
